
Microsoft Visual Studio Solution File, Format Version 12.00
# Visual Studio 2017
Project("{FAE04EC0-301F-11D3-BF4B-00C04F79EFBC}") = "PokémonFallout", "PokémonFallout.csproj", "{E0338205-D094-7B6C-99DD-E5A285BA7B7C}"
EndProject
Project("{FAE04EC0-301F-11D3-BF4B-00C04F79EFBC}") = "PokémonFallout.Editor", "PokémonFallout.Editor.csproj", "{D05EB0D8-6DFE-59BF-17CE-9877D8558118}"
EndProject
Global
	GlobalSection(SolutionConfigurationPlatforms) = preSolution
		Debug|Any CPU = Debug|Any CPU
		Release|Any CPU = Release|Any CPU
	EndGlobalSection
	GlobalSection(ProjectConfigurationPlatforms) = postSolution
		{E0338205-D094-7B6C-99DD-E5A285BA7B7C}.Debug|Any CPU.ActiveCfg = Debug|Any CPU
		{E0338205-D094-7B6C-99DD-E5A285BA7B7C}.Debug|Any CPU.Build.0 = Debug|Any CPU
		{E0338205-D094-7B6C-99DD-E5A285BA7B7C}.Release|Any CPU.ActiveCfg = Release|Any CPU
		{E0338205-D094-7B6C-99DD-E5A285BA7B7C}.Release|Any CPU.Build.0 = Release|Any CPU
		{D05EB0D8-6DFE-59BF-17CE-9877D8558118}.Debug|Any CPU.ActiveCfg = Debug|Any CPU
		{D05EB0D8-6DFE-59BF-17CE-9877D8558118}.Debug|Any CPU.Build.0 = Debug|Any CPU
		{D05EB0D8-6DFE-59BF-17CE-9877D8558118}.Release|Any CPU.ActiveCfg = Release|Any CPU
		{D05EB0D8-6DFE-59BF-17CE-9877D8558118}.Release|Any CPU.Build.0 = Release|Any CPU
	EndGlobalSection
	GlobalSection(SolutionProperties) = preSolution
		HideSolutionNode = FALSE
	EndGlobalSection
EndGlobal
